
Microsoft Visual Studio Solution File, Format Version 12.00
# Visual Studio Version 16
VisualStudioVersion = 16.0.30204.135
MinimumVisualStudioVersion = 10.0.40219.1
Project("{FAE04EC0-301F-11D3-BF4B-00C04F79EFBC}") = "MadhavTilesBill", "MadhavTilesBill\MadhavTilesBill.csproj", "{B19DED6D-2CE1-412A-91F7-B0F9F0D37568}"
EndProject
Project("{54435603-DBB4-11D2-8724-00A0C9A8B90C}") = "Madhav Tiles Bill", "Madhav Tiles Bill\Madhav Tiles Bill.vdproj", "{684BE7E8-9220-45A1-873C-743E4EA7076E}"
EndProject
Global
	GlobalSection(SolutionConfigurationPlatforms) = preSolution
		Debug|Any CPU = Debug|Any CPU
		Release|Any CPU = Release|Any CPU
	EndGlobalSection
	GlobalSection(ProjectConfigurationPlatforms) = postSolution
		{B19DED6D-2CE1-412A-91F7-B0F9F0D37568}.Debug|Any CPU.ActiveCfg = Debug|Any CPU
		{B19DED6D-2CE1-412A-91F7-B0F9F0D37568}.Debug|Any CPU.Build.0 = Debug|Any CPU
		{B19DED6D-2CE1-412A-91F7-B0F9F0D37568}.Release|Any CPU.ActiveCfg = Release|Any CPU
		{B19DED6D-2CE1-412A-91F7-B0F9F0D37568}.Release|Any CPU.Build.0 = Release|Any CPU
		{684BE7E8-9220-45A1-873C-743E4EA7076E}.Debug|Any CPU.ActiveCfg = Debug
		{684BE7E8-9220-45A1-873C-743E4EA7076E}.Release|Any CPU.ActiveCfg = Release
	EndGlobalSection
	GlobalSection(SolutionProperties) = preSolution
		HideSolutionNode = FALSE
	EndGlobalSection
	GlobalSection(ExtensibilityGlobals) = postSolution
		SolutionGuid = {F0FA0188-CA25-4A9B-A968-F396AC7C1254}
	EndGlobalSection
EndGlobal
